
Microsoft Visual Studio Solution File, Format Version 12.00
# Visual Studio 15
VisualStudioVersion = 15.0.28010.2036
MinimumVisualStudioVersion = 10.0.40219.1
Project("{FAE04EC0-301F-11D3-BF4B-00C04F79EFBC}") = "AsTask", "AsTask\AsTask.csproj", "{C533363A-E1B2-47C4-8AEE-CC3BB5322AA0}"
EndProject
Project("{FAE04EC0-301F-11D3-BF4B-00C04F79EFBC}") = "AsTaskTests", "AsTaskTests\AsTaskTests.csproj", "{F6568968-A56A-49FE-84B1-207BD099C0BA}"
EndProject
Project("{FAE04EC0-301F-11D3-BF4B-00C04F79EFBC}") = "AsTaskExample", "AsTaskExample\AsTaskExample.csproj", "{4CC262E7-8B2D-4741-9105-F173F7F35032}"
EndProject
Project("{FAE04EC0-301F-11D3-BF4B-00C04F79EFBC}") = "AsTaskBench", "AsTaskBench\AsTaskBench.csproj", "{B6BBFCC9-ABB8-4D75-97E7-26D8D1D2F40E}"
EndProject
Global
	GlobalSection(SolutionConfigurationPlatforms) = preSolution
		Debug|Any CPU = Debug|Any CPU
		Release|Any CPU = Release|Any CPU
	EndGlobalSection
	GlobalSection(ProjectConfigurationPlatforms) = postSolution
		{C533363A-E1B2-47C4-8AEE-CC3BB5322AA0}.Release|Any CPU.ActiveCfg = Release|Any CPU
		{C533363A-E1B2-47C4-8AEE-CC3BB5322AA0}.Release|Any CPU.Build.0 = Release|Any CPU
		{C533363A-E1B2-47C4-8AEE-CC3BB5322AA0}.Debug|Any CPU.ActiveCfg = Debug|Any CPU
		{C533363A-E1B2-47C4-8AEE-CC3BB5322AA0}.Debug|Any CPU.Build.0 = Debug|Any CPU
		{F6568968-A56A-49FE-84B1-207BD099C0BA}.Debug|Any CPU.ActiveCfg = Debug|Any CPU
		{F6568968-A56A-49FE-84B1-207BD099C0BA}.Debug|Any CPU.Build.0 = Debug|Any CPU
		{F6568968-A56A-49FE-84B1-207BD099C0BA}.Release|Any CPU.ActiveCfg = Release|Any CPU
		{F6568968-A56A-49FE-84B1-207BD099C0BA}.Release|Any CPU.Build.0 = Release|Any CPU
		{4CC262E7-8B2D-4741-9105-F173F7F35032}.Debug|Any CPU.ActiveCfg = Debug|Any CPU
		{4CC262E7-8B2D-4741-9105-F173F7F35032}.Debug|Any CPU.Build.0 = Debug|Any CPU
		{4CC262E7-8B2D-4741-9105-F173F7F35032}.Release|Any CPU.ActiveCfg = Release|Any CPU
		{4CC262E7-8B2D-4741-9105-F173F7F35032}.Release|Any CPU.Build.0 = Release|Any CPU
		{B6BBFCC9-ABB8-4D75-97E7-26D8D1D2F40E}.Debug|Any CPU.ActiveCfg = Debug|Any CPU
		{B6BBFCC9-ABB8-4D75-97E7-26D8D1D2F40E}.Debug|Any CPU.Build.0 = Debug|Any CPU
		{B6BBFCC9-ABB8-4D75-97E7-26D8D1D2F40E}.Release|Any CPU.ActiveCfg = Release|Any CPU
		{B6BBFCC9-ABB8-4D75-97E7-26D8D1D2F40E}.Release|Any CPU.Build.0 = Release|Any CPU
	EndGlobalSection
	GlobalSection(SolutionProperties) = preSolution
		HideSolutionNode = FALSE
	EndGlobalSection
	GlobalSection(ExtensibilityGlobals) = postSolution
		SolutionGuid = {7DC33DBD-348A-4C13-8686-7AEB062E863C}
	EndGlobalSection
EndGlobal
